
Microsoft Visual Studio Solution File, Format Version 12.00
# Visual Studio Version 17
VisualStudioVersion = 17.0.31903.59
MinimumVisualStudioVersion = 10.0.40219.1
Project("{2150E333-8FDC-42A3-9474-1A3956D46DE8}") = "src", "src", "{827E0CD3-B72D-47B6-A68D-7590B98EB39B}"
EndProject
Project("{FAE04EC0-301F-11D3-BF4B-00C04F79EFBC}") = "Siri.Api", "src\Siri.Api\Siri.Api.csproj", "{4547EC3B-9B52-4B49-A0AD-28A41D01D612}"
EndProject
Project("{FAE04EC0-301F-11D3-BF4B-00C04F79EFBC}") = "Siri.Persistence", "src\Siri.Persistence\Siri.Persistence.csproj", "{779AB60B-D30B-4C55-AA94-931D83029D0F}"
EndProject
Project("{FAE04EC0-301F-11D3-BF4B-00C04F79EFBC}") = "Siri.SharedKernel", "src\Siri.SharedKernel\Siri.SharedKernel.csproj", "{5A415A3C-81F8-4233-96FA-622649CB9CC7}"
EndProject
Project("{FAE04EC0-301F-11D3-BF4B-00C04F79EFBC}") = "Siri.Modules.Identity", "src\Siri.Modules.Identity\Siri.Modules.Identity.csproj", "{9D53CE25-4D80-4B9A-B405-4FD4FAC6D59C}"
EndProject
Project("{FAE04EC0-301F-11D3-BF4B-00C04F79EFBC}") = "Siri.Modules.Catalog", "src\Siri.Modules.Catalog\Siri.Modules.Catalog.csproj", "{56D013EB-EF65-4069-81F2-DBC9DE8146E6}"
EndProject
Project("{FAE04EC0-301F-11D3-BF4B-00C04F79EFBC}") = "Siri.Modules.Media", "src\Siri.Modules.Media\Siri.Modules.Media.csproj", "{D5E1FD32-FA34-4A9F-BB64-EF42C453C296}"
EndProject
Project("{FAE04EC0-301F-11D3-BF4B-00C04F79EFBC}") = "Siri.Modules.Learning", "src\Siri.Modules.Learning\Siri.Modules.Learning.csproj", "{E5BD7AFA-2692-44F4-AB5E-737F80008A38}"
EndProject
Project("{FAE04EC0-301F-11D3-BF4B-00C04F79EFBC}") = "Siri.Modules.Commerce", "src\Siri.Modules.Commerce\Siri.Modules.Commerce.csproj", "{2C46A2A9-C0DF-4C40-BC7D-75172326CE8F}"
EndProject
Project("{FAE04EC0-301F-11D3-BF4B-00C04F79EFBC}") = "Siri.Modules.Payout", "src\Siri.Modules.Payout\Siri.Modules.Payout.csproj", "{D24A06A5-8113-416B-A3ED-387D68A5B507}"
EndProject
Project("{FAE04EC0-301F-11D3-BF4B-00C04F79EFBC}") = "Siri.Modules.Cms", "src\Siri.Modules.Cms\Siri.Modules.Cms.csproj", "{84DCCFE9-51AC-483A-96ED-72AFE1E006E9}"
EndProject
Project("{FAE04EC0-301F-11D3-BF4B-00C04F79EFBC}") = "Siri.Modules.Community", "src\Siri.Modules.Community\Siri.Modules.Community.csproj", "{CEB1BB9D-3986-430B-9458-1B0768849829}"
EndProject
Project("{FAE04EC0-301F-11D3-BF4B-00C04F79EFBC}") = "Siri.Modules.Notification", "src\Siri.Modules.Notification\Siri.Modules.Notification.csproj", "{13E21114-FF3B-4D8B-999C-AC56F97418DC}"
EndProject
Project("{FAE04EC0-301F-11D3-BF4B-00C04F79EFBC}") = "Siri.Modules.Analytics", "src\Siri.Modules.Analytics\Siri.Modules.Analytics.csproj", "{77AA3E8C-4EAF-45F0-BE05-EA1ACEE65F7A}"
EndProject
Project("{FAE04EC0-301F-11D3-BF4B-00C04F79EFBC}") = "Siri.Workers", "src\Siri.Workers\Siri.Workers.csproj", "{7645326F-878E-48C5-9AB4-80C0FB42715C}"
EndProject
Project("{FAE04EC0-301F-11D3-BF4B-00C04F79EFBC}") = "Siri.Integrations.Video", "src\Siri.Integrations.Video\Siri.Integrations.Video.csproj", "{26EAB7DC-3C45-4FD0-9975-984576053517}"
EndProject
Project("{FAE04EC0-301F-11D3-BF4B-00C04F79EFBC}") = "Siri.Integrations.Payment", "src\Siri.Integrations.Payment\Siri.Integrations.Payment.csproj", "{BBDA9EBC-D1D2-4B8D-9817-AE07C1A77A85}"
EndProject
Project("{FAE04EC0-301F-11D3-BF4B-00C04F79EFBC}") = "Siri.Integrations.Storage", "src\Siri.Integrations.Storage\Siri.Integrations.Storage.csproj", "{90AEC752-9E50-4844-8FB0-CC04EE98D62E}"
EndProject
Project("{FAE04EC0-301F-11D3-BF4B-00C04F79EFBC}") = "Siri.Integrations.Email", "src\Siri.Integrations.Email\Siri.Integrations.Email.csproj", "{B3800E5E-7630-4618-A027-E1D809D5D10F}"
EndProject
Project("{2150E333-8FDC-42A3-9474-1A3956D46DE8}") = "tests", "tests", "{0AB3BF05-4346-4AA6-1389-037BE0695223}"
EndProject
Project("{FAE04EC0-301F-11D3-BF4B-00C04F79EFBC}") = "Siri.UnitTests", "tests\Siri.UnitTests\Siri.UnitTests.csproj", "{03D52DE3-4B02-4468-97D5-DC35C65164D3}"
EndProject
Project("{FAE04EC0-301F-11D3-BF4B-00C04F79EFBC}") = "Siri.IntegrationTests", "tests\Siri.IntegrationTests\Siri.IntegrationTests.csproj", "{D8D1FCF4-46EC-475E-8545-2B5B0303B223}"
EndProject
Project("{FAE04EC0-301F-11D3-BF4B-00C04F79EFBC}") = "Siri.ArchitectureTests", "tests\Siri.ArchitectureTests\Siri.ArchitectureTests.csproj", "{CEBCB7A9-B85F-4600-8FF3-4F98D3F43961}"
EndProject
Global
	GlobalSection(SolutionConfigurationPlatforms) = preSolution
		Debug|Any CPU = Debug|Any CPU
		Debug|x64 = Debug|x64
		Debug|x86 = Debug|x86
		Release|Any CPU = Release|Any CPU
		Release|x64 = Release|x64
		Release|x86 = Release|x86
	EndGlobalSection
	GlobalSection(ProjectConfigurationPlatforms) = postSolution
		{4547EC3B-9B52-4B49-A0AD-28A41D01D612}.Debug|Any CPU.ActiveCfg = Debug|Any CPU
		{4547EC3B-9B52-4B49-A0AD-28A41D01D612}.Debug|Any CPU.Build.0 = Debug|Any CPU
		{4547EC3B-9B52-4B49-A0AD-28A41D01D612}.Debug|x64.ActiveCfg = Debug|Any CPU
		{4547EC3B-9B52-4B49-A0AD-28A41D01D612}.Debug|x64.Build.0 = Debug|Any CPU
		{4547EC3B-9B52-4B49-A0AD-28A41D01D612}.Debug|x86.ActiveCfg = Debug|Any CPU
		{4547EC3B-9B52-4B49-A0AD-28A41D01D612}.Debug|x86.Build.0 = Debug|Any CPU
		{4547EC3B-9B52-4B49-A0AD-28A41D01D612}.Release|Any CPU.ActiveCfg = Release|Any CPU
		{4547EC3B-9B52-4B49-A0AD-28A41D01D612}.Release|Any CPU.Build.0 = Release|Any CPU
		{4547EC3B-9B52-4B49-A0AD-28A41D01D612}.Release|x64.ActiveCfg = Release|Any CPU
		{4547EC3B-9B52-4B49-A0AD-28A41D01D612}.Release|x64.Build.0 = Release|Any CPU
		{4547EC3B-9B52-4B49-A0AD-28A41D01D612}.Release|x86.ActiveCfg = Release|Any CPU
		{4547EC3B-9B52-4B49-A0AD-28A41D01D612}.Release|x86.Build.0 = Release|Any CPU
		{779AB60B-D30B-4C55-AA94-931D83029D0F}.Debug|Any CPU.ActiveCfg = Debug|Any CPU
		{779AB60B-D30B-4C55-AA94-931D83029D0F}.Debug|Any CPU.Build.0 = Debug|Any CPU
		{779AB60B-D30B-4C55-AA94-931D83029D0F}.Debug|x64.ActiveCfg = Debug|Any CPU
		{779AB60B-D30B-4C55-AA94-931D83029D0F}.Debug|x64.Build.0 = Debug|Any CPU
		{779AB60B-D30B-4C55-AA94-931D83029D0F}.Debug|x86.ActiveCfg = Debug|Any CPU
		{779AB60B-D30B-4C55-AA94-931D83029D0F}.Debug|x86.Build.0 = Debug|Any CPU
		{779AB60B-D30B-4C55-AA94-931D83029D0F}.Release|Any CPU.ActiveCfg = Release|Any CPU
		{779AB60B-D30B-4C55-AA94-931D83029D0F}.Release|Any CPU.Build.0 = Release|Any CPU
		{779AB60B-D30B-4C55-AA94-931D83029D0F}.Release|x64.ActiveCfg = Release|Any CPU
		{779AB60B-D30B-4C55-AA94-931D83029D0F}.Release|x64.Build.0 = Release|Any CPU
		{779AB60B-D30B-4C55-AA94-931D83029D0F}.Release|x86.ActiveCfg = Release|Any CPU
		{779AB60B-D30B-4C55-AA94-931D83029D0F}.Release|x86.Build.0 = Release|Any CPU
		{5A415A3C-81F8-4233-96FA-622649CB9CC7}.Debug|Any CPU.ActiveCfg = Debug|Any CPU
		{5A415A3C-81F8-4233-96FA-622649CB9CC7}.Debug|Any CPU.Build.0 = Debug|Any CPU
		{5A415A3C-81F8-4233-96FA-622649CB9CC7}.Debug|x64.ActiveCfg = Debug|Any CPU
		{5A415A3C-81F8-4233-96FA-622649CB9CC7}.Debug|x64.Build.0 = Debug|Any CPU
		{5A415A3C-81F8-4233-96FA-622649CB9CC7}.Debug|x86.ActiveCfg = Debug|Any CPU
		{5A415A3C-81F8-4233-96FA-622649CB9CC7}.Debug|x86.Build.0 = Debug|Any CPU
		{5A415A3C-81F8-4233-96FA-622649CB9CC7}.Release|Any CPU.ActiveCfg = Release|Any CPU
		{5A415A3C-81F8-4233-96FA-622649CB9CC7}.Release|Any CPU.Build.0 = Release|Any CPU
		{5A415A3C-81F8-4233-96FA-622649CB9CC7}.Release|x64.ActiveCfg = Release|Any CPU
		{5A415A3C-81F8-4233-96FA-622649CB9CC7}.Release|x64.Build.0 = Release|Any CPU
		{5A415A3C-81F8-4233-96FA-622649CB9CC7}.Release|x86.ActiveCfg = Release|Any CPU
		{5A415A3C-81F8-4233-96FA-622649CB9CC7}.Release|x86.Build.0 = Release|Any CPU
		{9D53CE25-4D80-4B9A-B405-4FD4FAC6D59C}.Debug|Any CPU.ActiveCfg = Debug|Any CPU
		{9D53CE25-4D80-4B9A-B405-4FD4FAC6D59C}.Debug|Any CPU.Build.0 = Debug|Any CPU
		{9D53CE25-4D80-4B9A-B405-4FD4FAC6D59C}.Debug|x64.ActiveCfg = Debug|Any CPU
		{9D53CE25-4D80-4B9A-B405-4FD4FAC6D59C}.Debug|x64.Build.0 = Debug|Any CPU
		{9D53CE25-4D80-4B9A-B405-4FD4FAC6D59C}.Debug|x86.ActiveCfg = Debug|Any CPU
		{9D53CE25-4D80-4B9A-B405-4FD4FAC6D59C}.Debug|x86.Build.0 = Debug|Any CPU
		{9D53CE25-4D80-4B9A-B405-4FD4FAC6D59C}.Release|Any CPU.ActiveCfg = Release|Any CPU
		{9D53CE25-4D80-4B9A-B405-4FD4FAC6D59C}.Release|Any CPU.Build.0 = Release|Any CPU
		{9D53CE25-4D80-4B9A-B405-4FD4FAC6D59C}.Release|x64.ActiveCfg = Release|Any CPU
		{9D53CE25-4D80-4B9A-B405-4FD4FAC6D59C}.Release|x64.Build.0 = Release|Any CPU
		{9D53CE25-4D80-4B9A-B405-4FD4FAC6D59C}.Release|x86.ActiveCfg = Release|Any CPU
		{9D53CE25-4D80-4B9A-B405-4FD4FAC6D59C}.Release|x86.Build.0 = Release|Any CPU
		{56D013EB-EF65-4069-81F2-DBC9DE8146E6}.Debug|Any CPU.ActiveCfg = Debug|Any CPU
		{56D013EB-EF65-4069-81F2-DBC9DE8146E6}.Debug|Any CPU.Build.0 = Debug|Any CPU
		{56D013EB-EF65-4069-81F2-DBC9DE8146E6}.Debug|x64.ActiveCfg = Debug|Any CPU
		{56D013EB-EF65-4069-81F2-DBC9DE8146E6}.Debug|x64.Build.0 = Debug|Any CPU
		{56D013EB-EF65-4069-81F2-DBC9DE8146E6}.Debug|x86.ActiveCfg = Debug|Any CPU
		{56D013EB-EF65-4069-81F2-DBC9DE8146E6}.Debug|x86.Build.0 = Debug|Any CPU
		{56D013EB-EF65-4069-81F2-DBC9DE8146E6}.Release|Any CPU.ActiveCfg = Release|Any CPU
		{56D013EB-EF65-4069-81F2-DBC9DE8146E6}.Release|Any CPU.Build.0 = Release|Any CPU
		{56D013EB-EF65-4069-81F2-DBC9DE8146E6}.Release|x64.ActiveCfg = Release|Any CPU
		{56D013EB-EF65-4069-81F2-DBC9DE8146E6}.Release|x64.Build.0 = Release|Any CPU
		{56D013EB-EF65-4069-81F2-DBC9DE8146E6}.Release|x86.ActiveCfg = Release|Any CPU
		{56D013EB-EF65-4069-81F2-DBC9DE8146E6}.Release|x86.Build.0 = Release|Any CPU
		{D5E1FD32-FA34-4A9F-BB64-EF42C453C296}.Debug|Any CPU.ActiveCfg = Debug|Any CPU
		{D5E1FD32-FA34-4A9F-BB64-EF42C453C296}.Debug|Any CPU.Build.0 = Debug|Any CPU
		{D5E1FD32-FA34-4A9F-BB64-EF42C453C296}.Debug|x64.ActiveCfg = Debug|Any CPU
		{D5E1FD32-FA34-4A9F-BB64-EF42C453C296}.Debug|x64.Build.0 = Debug|Any CPU
		{D5E1FD32-FA34-4A9F-BB64-EF42C453C296}.Debug|x86.ActiveCfg = Debug|Any CPU
		{D5E1FD32-FA34-4A9F-BB64-EF42C453C296}.Debug|x86.Build.0 = Debug|Any CPU
		{D5E1FD32-FA34-4A9F-BB64-EF42C453C296}.Release|Any CPU.ActiveCfg = Release|Any CPU
		{D5E1FD32-FA34-4A9F-BB64-EF42C453C296}.Release|Any CPU.Build.0 = Release|Any CPU
		{D5E1FD32-FA34-4A9F-BB64-EF42C453C296}.Release|x64.ActiveCfg = Release|Any CPU
		{D5E1FD32-FA34-4A9F-BB64-EF42C453C296}.Release|x64.Build.0 = Release|Any CPU
		{D5E1FD32-FA34-4A9F-BB64-EF42C453C296}.Release|x86.ActiveCfg = Release|Any CPU
		{D5E1FD32-FA34-4A9F-BB64-EF42C453C296}.Release|x86.Build.0 = Release|Any CPU
		{E5BD7AFA-2692-44F4-AB5E-737F80008A38}.Debug|Any CPU.ActiveCfg = Debug|Any CPU
		{E5BD7AFA-2692-44F4-AB5E-737F80008A38}.Debug|Any CPU.Build.0 = Debug|Any CPU
		{E5BD7AFA-2692-44F4-AB5E-737F80008A38}.Debug|x64.ActiveCfg = Debug|Any CPU
		{E5BD7AFA-2692-44F4-AB5E-737F80008A38}.Debug|x64.Build.0 = Debug|Any CPU
		{E5BD7AFA-2692-44F4-AB5E-737F80008A38}.Debug|x86.ActiveCfg = Debug|Any CPU
		{E5BD7AFA-2692-44F4-AB5E-737F80008A38}.Debug|x86.Build.0 = Debug|Any CPU
		{E5BD7AFA-2692-44F4-AB5E-737F80008A38}.Release|Any CPU.ActiveCfg = Release|Any CPU
		{E5BD7AFA-2692-44F4-AB5E-737F80008A38}.Release|Any CPU.Build.0 = Release|Any CPU
		{E5BD7AFA-2692-44F4-AB5E-737F80008A38}.Release|x64.ActiveCfg = Release|Any CPU
		{E5BD7AFA-2692-44F4-AB5E-737F80008A38}.Release|x64.Build.0 = Release|Any CPU
		{E5BD7AFA-2692-44F4-AB5E-737F80008A38}.Release|x86.ActiveCfg = Release|Any CPU
		{E5BD7AFA-2692-44F4-AB5E-737F80008A38}.Release|x86.Build.0 = Release|Any CPU
		{2C46A2A9-C0DF-4C40-BC7D-75172326CE8F}.Debug|Any CPU.ActiveCfg = Debug|Any CPU
		{2C46A2A9-C0DF-4C40-BC7D-75172326CE8F}.Debug|Any CPU.Build.0 = Debug|Any CPU
		{2C46A2A9-C0DF-4C40-BC7D-75172326CE8F}.Debug|x64.ActiveCfg = Debug|Any CPU
		{2C46A2A9-C0DF-4C40-BC7D-75172326CE8F}.Debug|x64.Build.0 = Debug|Any CPU
		{2C46A2A9-C0DF-4C40-BC7D-75172326CE8F}.Debug|x86.ActiveCfg = Debug|Any CPU
		{2C46A2A9-C0DF-4C40-BC7D-75172326CE8F}.Debug|x86.Build.0 = Debug|Any CPU
		{2C46A2A9-C0DF-4C40-BC7D-75172326CE8F}.Release|Any CPU.ActiveCfg = Release|Any CPU
		{2C46A2A9-C0DF-4C40-BC7D-75172326CE8F}.Release|Any CPU.Build.0 = Release|Any CPU
		{2C46A2A9-C0DF-4C40-BC7D-75172326CE8F}.Release|x64.ActiveCfg = Release|Any CPU
		{2C46A2A9-C0DF-4C40-BC7D-75172326CE8F}.Release|x64.Build.0 = Release|Any CPU
		{2C46A2A9-C0DF-4C40-BC7D-75172326CE8F}.Release|x86.ActiveCfg = Release|Any CPU
		{2C46A2A9-C0DF-4C40-BC7D-75172326CE8F}.Release|x86.Build.0 = Release|Any CPU
		{D24A06A5-8113-416B-A3ED-387D68A5B507}.Debug|Any CPU.ActiveCfg = Debug|Any CPU
		{D24A06A5-8113-416B-A3ED-387D68A5B507}.Debug|Any CPU.Build.0 = Debug|Any CPU
		{D24A06A5-8113-416B-A3ED-387D68A5B507}.Debug|x64.ActiveCfg = Debug|Any CPU
		{D24A06A5-8113-416B-A3ED-387D68A5B507}.Debug|x64.Build.0 = Debug|Any CPU
		{D24A06A5-8113-416B-A3ED-387D68A5B507}.Debug|x86.ActiveCfg = Debug|Any CPU
		{D24A06A5-8113-416B-A3ED-387D68A5B507}.Debug|x86.Build.0 = Debug|Any CPU
		{D24A06A5-8113-416B-A3ED-387D68A5B507}.Release|Any CPU.ActiveCfg = Release|Any CPU
		{D24A06A5-8113-416B-A3ED-387D68A5B507}.Release|Any CPU.Build.0 = Release|Any CPU
		{D24A06A5-8113-416B-A3ED-387D68A5B507}.Release|x64.ActiveCfg = Release|Any CPU
		{D24A06A5-8113-416B-A3ED-387D68A5B507}.Release|x64.Build.0 = Release|Any CPU
		{D24A06A5-8113-416B-A3ED-387D68A5B507}.Release|x86.ActiveCfg = Release|Any CPU
		{D24A06A5-8113-416B-A3ED-387D68A5B507}.Release|x86.Build.0 = Release|Any CPU
		{84DCCFE9-51AC-483A-96ED-72AFE1E006E9}.Debug|Any CPU.ActiveCfg = Debug|Any CPU
		{84DCCFE9-51AC-483A-96ED-72AFE1E006E9}.Debug|Any CPU.Build.0 = Debug|Any CPU
		{84DCCFE9-51AC-483A-96ED-72AFE1E006E9}.Debug|x64.ActiveCfg = Debug|Any CPU
		{84DCCFE9-51AC-483A-96ED-72AFE1E006E9}.Debug|x64.Build.0 = Debug|Any CPU
		{84DCCFE9-51AC-483A-96ED-72AFE1E006E9}.Debug|x86.ActiveCfg = Debug|Any CPU
		{84DCCFE9-51AC-483A-96ED-72AFE1E006E9}.Debug|x86.Build.0 = Debug|Any CPU
		{84DCCFE9-51AC-483A-96ED-72AFE1E006E9}.Release|Any CPU.ActiveCfg = Release|Any CPU
		{84DCCFE9-51AC-483A-96ED-72AFE1E006E9}.Release|Any CPU.Build.0 = Release|Any CPU
		{84DCCFE9-51AC-483A-96ED-72AFE1E006E9}.Release|x64.ActiveCfg = Release|Any CPU
		{84DCCFE9-51AC-483A-96ED-72AFE1E006E9}.Release|x64.Build.0 = Release|Any CPU
		{84DCCFE9-51AC-483A-96ED-72AFE1E006E9}.Release|x86.ActiveCfg = Release|Any CPU
		{84DCCFE9-51AC-483A-96ED-72AFE1E006E9}.Release|x86.Build.0 = Release|Any CPU
		{CEB1BB9D-3986-430B-9458-1B0768849829}.Debug|Any CPU.ActiveCfg = Debug|Any CPU
		{CEB1BB9D-3986-430B-9458-1B0768849829}.Debug|Any CPU.Build.0 = Debug|Any CPU
		{CEB1BB9D-3986-430B-9458-1B0768849829}.Debug|x64.ActiveCfg = Debug|Any CPU
		{CEB1BB9D-3986-430B-9458-1B0768849829}.Debug|x64.Build.0 = Debug|Any CPU
		{CEB1BB9D-3986-430B-9458-1B0768849829}.Debug|x86.ActiveCfg = Debug|Any CPU
		{CEB1BB9D-3986-430B-9458-1B0768849829}.Debug|x86.Build.0 = Debug|Any CPU
		{CEB1BB9D-3986-430B-9458-1B0768849829}.Release|Any CPU.ActiveCfg = Release|Any CPU
		{CEB1BB9D-3986-430B-9458-1B0768849829}.Release|Any CPU.Build.0 = Release|Any CPU
		{CEB1BB9D-3986-430B-9458-1B0768849829}.Release|x64.ActiveCfg = Release|Any CPU
		{CEB1BB9D-3986-430B-9458-1B0768849829}.Release|x64.Build.0 = Release|Any CPU
		{CEB1BB9D-3986-430B-9458-1B0768849829}.Release|x86.ActiveCfg = Release|Any CPU
		{CEB1BB9D-3986-430B-9458-1B0768849829}.Release|x86.Build.0 = Release|Any CPU
		{13E21114-FF3B-4D8B-999C-AC56F97418DC}.Debug|Any CPU.ActiveCfg = Debug|Any CPU
		{13E21114-FF3B-4D8B-999C-AC56F97418DC}.Debug|Any CPU.Build.0 = Debug|Any CPU
		{13E21114-FF3B-4D8B-999C-AC56F97418DC}.Debug|x64.ActiveCfg = Debug|Any CPU
		{13E21114-FF3B-4D8B-999C-AC56F97418DC}.Debug|x64.Build.0 = Debug|Any CPU
		{13E21114-FF3B-4D8B-999C-AC56F97418DC}.Debug|x86.ActiveCfg = Debug|Any CPU
		{13E21114-FF3B-4D8B-999C-AC56F97418DC}.Debug|x86.Build.0 = Debug|Any CPU
		{13E21114-FF3B-4D8B-999C-AC56F97418DC}.Release|Any CPU.ActiveCfg = Release|Any CPU
		{13E21114-FF3B-4D8B-999C-AC56F97418DC}.Release|Any CPU.Build.0 = Release|Any CPU
		{13E21114-FF3B-4D8B-999C-AC56F97418DC}.Release|x64.ActiveCfg = Release|Any CPU
		{13E21114-FF3B-4D8B-999C-AC56F97418DC}.Release|x64.Build.0 = Release|Any CPU
		{13E21114-FF3B-4D8B-999C-AC56F97418DC}.Release|x86.ActiveCfg = Release|Any CPU
		{13E21114-FF3B-4D8B-999C-AC56F97418DC}.Release|x86.Build.0 = Release|Any CPU
		{77AA3E8C-4EAF-45F0-BE05-EA1ACEE65F7A}.Debug|Any CPU.ActiveCfg = Debug|Any CPU
		{77AA3E8C-4EAF-45F0-BE05-EA1ACEE65F7A}.Debug|Any CPU.Build.0 = Debug|Any CPU
		{77AA3E8C-4EAF-45F0-BE05-EA1ACEE65F7A}.Debug|x64.ActiveCfg = Debug|Any CPU
		{77AA3E8C-4EAF-45F0-BE05-EA1ACEE65F7A}.Debug|x64.Build.0 = Debug|Any CPU
		{77AA3E8C-4EAF-45F0-BE05-EA1ACEE65F7A}.Debug|x86.ActiveCfg = Debug|Any CPU
		{77AA3E8C-4EAF-45F0-BE05-EA1ACEE65F7A}.Debug|x86.Build.0 = Debug|Any CPU
		{77AA3E8C-4EAF-45F0-BE05-EA1ACEE65F7A}.Release|Any CPU.ActiveCfg = Release|Any CPU
		{77AA3E8C-4EAF-45F0-BE05-EA1ACEE65F7A}.Release|Any CPU.Build.0 = Release|Any CPU
		{77AA3E8C-4EAF-45F0-BE05-EA1ACEE65F7A}.Release|x64.ActiveCfg = Release|Any CPU
		{77AA3E8C-4EAF-45F0-BE05-EA1ACEE65F7A}.Release|x64.Build.0 = Release|Any CPU
		{77AA3E8C-4EAF-45F0-BE05-EA1ACEE65F7A}.Release|x86.ActiveCfg = Release|Any CPU
		{77AA3E8C-4EAF-45F0-BE05-EA1ACEE65F7A}.Release|x86.Build.0 = Release|Any CPU
		{7645326F-878E-48C5-9AB4-80C0FB42715C}.Debug|Any CPU.ActiveCfg = Debug|Any CPU
		{7645326F-878E-48C5-9AB4-80C0FB42715C}.Debug|Any CPU.Build.0 = Debug|Any CPU
		{7645326F-878E-48C5-9AB4-80C0FB42715C}.Debug|x64.ActiveCfg = Debug|Any CPU
		{7645326F-878E-48C5-9AB4-80C0FB42715C}.Debug|x64.Build.0 = Debug|Any CPU
		{7645326F-878E-48C5-9AB4-80C0FB42715C}.Debug|x86.ActiveCfg = Debug|Any CPU
		{7645326F-878E-48C5-9AB4-80C0FB42715C}.Debug|x86.Build.0 = Debug|Any CPU
		{7645326F-878E-48C5-9AB4-80C0FB42715C}.Release|Any CPU.ActiveCfg = Release|Any CPU
		{7645326F-878E-48C5-9AB4-80C0FB42715C}.Release|Any CPU.Build.0 = Release|Any CPU
		{7645326F-878E-48C5-9AB4-80C0FB42715C}.Release|x64.ActiveCfg = Release|Any CPU
		{7645326F-878E-48C5-9AB4-80C0FB42715C}.Release|x64.Build.0 = Release|Any CPU
		{7645326F-878E-48C5-9AB4-80C0FB42715C}.Release|x86.ActiveCfg = Release|Any CPU
		{7645326F-878E-48C5-9AB4-80C0FB42715C}.Release|x86.Build.0 = Release|Any CPU
		{26EAB7DC-3C45-4FD0-9975-984576053517}.Debug|Any CPU.ActiveCfg = Debug|Any CPU
		{26EAB7DC-3C45-4FD0-9975-984576053517}.Debug|Any CPU.Build.0 = Debug|Any CPU
		{26EAB7DC-3C45-4FD0-9975-984576053517}.Debug|x64.ActiveCfg = Debug|Any CPU
		{26EAB7DC-3C45-4FD0-9975-984576053517}.Debug|x64.Build.0 = Debug|Any CPU
		{26EAB7DC-3C45-4FD0-9975-984576053517}.Debug|x86.ActiveCfg = Debug|Any CPU
		{26EAB7DC-3C45-4FD0-9975-984576053517}.Debug|x86.Build.0 = Debug|Any CPU
		{26EAB7DC-3C45-4FD0-9975-984576053517}.Release|Any CPU.ActiveCfg = Release|Any CPU
		{26EAB7DC-3C45-4FD0-9975-984576053517}.Release|Any CPU.Build.0 = Release|Any CPU
		{26EAB7DC-3C45-4FD0-9975-984576053517}.Release|x64.ActiveCfg = Release|Any CPU
		{26EAB7DC-3C45-4FD0-9975-984576053517}.Release|x64.Build.0 = Release|Any CPU
		{26EAB7DC-3C45-4FD0-9975-984576053517}.Release|x86.ActiveCfg = Release|Any CPU
		{26EAB7DC-3C45-4FD0-9975-984576053517}.Release|x86.Build.0 = Release|Any CPU
		{BBDA9EBC-D1D2-4B8D-9817-AE07C1A77A85}.Debug|Any CPU.ActiveCfg = Debug|Any CPU
		{BBDA9EBC-D1D2-4B8D-9817-AE07C1A77A85}.Debug|Any CPU.Build.0 = Debug|Any CPU
		{BBDA9EBC-D1D2-4B8D-9817-AE07C1A77A85}.Debug|x64.ActiveCfg = Debug|Any CPU
		{BBDA9EBC-D1D2-4B8D-9817-AE07C1A77A85}.Debug|x64.Build.0 = Debug|Any CPU
		{BBDA9EBC-D1D2-4B8D-9817-AE07C1A77A85}.Debug|x86.ActiveCfg = Debug|Any CPU
		{BBDA9EBC-D1D2-4B8D-9817-AE07C1A77A85}.Debug|x86.Build.0 = Debug|Any CPU
		{BBDA9EBC-D1D2-4B8D-9817-AE07C1A77A85}.Release|Any CPU.ActiveCfg = Release|Any CPU
		{BBDA9EBC-D1D2-4B8D-9817-AE07C1A77A85}.Release|Any CPU.Build.0 = Release|Any CPU
		{BBDA9EBC-D1D2-4B8D-9817-AE07C1A77A85}.Release|x64.ActiveCfg = Release|Any CPU
		{BBDA9EBC-D1D2-4B8D-9817-AE07C1A77A85}.Release|x64.Build.0 = Release|Any CPU
		{BBDA9EBC-D1D2-4B8D-9817-AE07C1A77A85}.Release|x86.ActiveCfg = Release|Any CPU
		{BBDA9EBC-D1D2-4B8D-9817-AE07C1A77A85}.Release|x86.Build.0 = Release|Any CPU
		{90AEC752-9E50-4844-8FB0-CC04EE98D62E}.Debug|Any CPU.ActiveCfg = Debug|Any CPU
		{90AEC752-9E50-4844-8FB0-CC04EE98D62E}.Debug|Any CPU.Build.0 = Debug|Any CPU
		{90AEC752-9E50-4844-8FB0-CC04EE98D62E}.Debug|x64.ActiveCfg = Debug|Any CPU
		{90AEC752-9E50-4844-8FB0-CC04EE98D62E}.Debug|x64.Build.0 = Debug|Any CPU
		{90AEC752-9E50-4844-8FB0-CC04EE98D62E}.Debug|x86.ActiveCfg = Debug|Any CPU
		{90AEC752-9E50-4844-8FB0-CC04EE98D62E}.Debug|x86.Build.0 = Debug|Any CPU
		{90AEC752-9E50-4844-8FB0-CC04EE98D62E}.Release|Any CPU.ActiveCfg = Release|Any CPU
		{90AEC752-9E50-4844-8FB0-CC04EE98D62E}.Release|Any CPU.Build.0 = Release|Any CPU
		{90AEC752-9E50-4844-8FB0-CC04EE98D62E}.Release|x64.ActiveCfg = Release|Any CPU
		{90AEC752-9E50-4844-8FB0-CC04EE98D62E}.Release|x64.Build.0 = Release|Any CPU
		{90AEC752-9E50-4844-8FB0-CC04EE98D62E}.Release|x86.ActiveCfg = Release|Any CPU
		{90AEC752-9E50-4844-8FB0-CC04EE98D62E}.Release|x86.Build.0 = Release|Any CPU
		{B3800E5E-7630-4618-A027-E1D809D5D10F}.Debug|Any CPU.ActiveCfg = Debug|Any CPU
		{B3800E5E-7630-4618-A027-E1D809D5D10F}.Debug|Any CPU.Build.0 = Debug|Any CPU
		{B3800E5E-7630-4618-A027-E1D809D5D10F}.Debug|x64.ActiveCfg = Debug|Any CPU
		{B3800E5E-7630-4618-A027-E1D809D5D10F}.Debug|x64.Build.0 = Debug|Any CPU
		{B3800E5E-7630-4618-A027-E1D809D5D10F}.Debug|x86.ActiveCfg = Debug|Any CPU
		{B3800E5E-7630-4618-A027-E1D809D5D10F}.Debug|x86.Build.0 = Debug|Any CPU
		{B3800E5E-7630-4618-A027-E1D809D5D10F}.Release|Any CPU.ActiveCfg = Release|Any CPU
		{B3800E5E-7630-4618-A027-E1D809D5D10F}.Release|Any CPU.Build.0 = Release|Any CPU
		{B3800E5E-7630-4618-A027-E1D809D5D10F}.Release|x64.ActiveCfg = Release|Any CPU
		{B3800E5E-7630-4618-A027-E1D809D5D10F}.Release|x64.Build.0 = Release|Any CPU
		{B3800E5E-7630-4618-A027-E1D809D5D10F}.Release|x86.ActiveCfg = Release|Any CPU
		{B3800E5E-7630-4618-A027-E1D809D5D10F}.Release|x86.Build.0 = Release|Any CPU
		{03D52DE3-4B02-4468-97D5-DC35C65164D3}.Debug|Any CPU.ActiveCfg = Debug|Any CPU
		{03D52DE3-4B02-4468-97D5-DC35C65164D3}.Debug|Any CPU.Build.0 = Debug|Any CPU
		{03D52DE3-4B02-4468-97D5-DC35C65164D3}.Debug|x64.ActiveCfg = Debug|Any CPU
		{03D52DE3-4B02-4468-97D5-DC35C65164D3}.Debug|x64.Build.0 = Debug|Any CPU
		{03D52DE3-4B02-4468-97D5-DC35C65164D3}.Debug|x86.ActiveCfg = Debug|Any CPU
		{03D52DE3-4B02-4468-97D5-DC35C65164D3}.Debug|x86.Build.0 = Debug|Any CPU
		{03D52DE3-4B02-4468-97D5-DC35C65164D3}.Release|Any CPU.ActiveCfg = Release|Any CPU
		{03D52DE3-4B02-4468-97D5-DC35C65164D3}.Release|Any CPU.Build.0 = Release|Any CPU
		{03D52DE3-4B02-4468-97D5-DC35C65164D3}.Release|x64.ActiveCfg = Release|Any CPU
		{03D52DE3-4B02-4468-97D5-DC35C65164D3}.Release|x64.Build.0 = Release|Any CPU
		{03D52DE3-4B02-4468-97D5-DC35C65164D3}.Release|x86.ActiveCfg = Release|Any CPU
		{03D52DE3-4B02-4468-97D5-DC35C65164D3}.Release|x86.Build.0 = Release|Any CPU
		{D8D1FCF4-46EC-475E-8545-2B5B0303B223}.Debug|Any CPU.ActiveCfg = Debug|Any CPU
		{D8D1FCF4-46EC-475E-8545-2B5B0303B223}.Debug|Any CPU.Build.0 = Debug|Any CPU
		{D8D1FCF4-46EC-475E-8545-2B5B0303B223}.Debug|x64.ActiveCfg = Debug|Any CPU
		{D8D1FCF4-46EC-475E-8545-2B5B0303B223}.Debug|x64.Build.0 = Debug|Any CPU
		{D8D1FCF4-46EC-475E-8545-2B5B0303B223}.Debug|x86.ActiveCfg = Debug|Any CPU
		{D8D1FCF4-46EC-475E-8545-2B5B0303B223}.Debug|x86.Build.0 = Debug|Any CPU
		{D8D1FCF4-46EC-475E-8545-2B5B0303B223}.Release|Any CPU.ActiveCfg = Release|Any CPU
		{D8D1FCF4-46EC-475E-8545-2B5B0303B223}.Release|Any CPU.Build.0 = Release|Any CPU
		{D8D1FCF4-46EC-475E-8545-2B5B0303B223}.Release|x64.ActiveCfg = Release|Any CPU
		{D8D1FCF4-46EC-475E-8545-2B5B0303B223}.Release|x64.Build.0 = Release|Any CPU
		{D8D1FCF4-46EC-475E-8545-2B5B0303B223}.Release|x86.ActiveCfg = Release|Any CPU
		{D8D1FCF4-46EC-475E-8545-2B5B0303B223}.Release|x86.Build.0 = Release|Any CPU
		{CEBCB7A9-B85F-4600-8FF3-4F98D3F43961}.Debug|Any CPU.ActiveCfg = Debug|Any CPU
		{CEBCB7A9-B85F-4600-8FF3-4F98D3F43961}.Debug|Any CPU.Build.0 = Debug|Any CPU
		{CEBCB7A9-B85F-4600-8FF3-4F98D3F43961}.Debug|x64.ActiveCfg = Debug|Any CPU
		{CEBCB7A9-B85F-4600-8FF3-4F98D3F43961}.Debug|x64.Build.0 = Debug|Any CPU
		{CEBCB7A9-B85F-4600-8FF3-4F98D3F43961}.Debug|x86.ActiveCfg = Debug|Any CPU
		{CEBCB7A9-B85F-4600-8FF3-4F98D3F43961}.Debug|x86.Build.0 = Debug|Any CPU
		{CEBCB7A9-B85F-4600-8FF3-4F98D3F43961}.Release|Any CPU.ActiveCfg = Release|Any CPU
		{CEBCB7A9-B85F-4600-8FF3-4F98D3F43961}.Release|Any CPU.Build.0 = Release|Any CPU
		{CEBCB7A9-B85F-4600-8FF3-4F98D3F43961}.Release|x64.ActiveCfg = Release|Any CPU
		{CEBCB7A9-B85F-4600-8FF3-4F98D3F43961}.Release|x64.Build.0 = Release|Any CPU
		{CEBCB7A9-B85F-4600-8FF3-4F98D3F43961}.Release|x86.ActiveCfg = Release|Any CPU
		{CEBCB7A9-B85F-4600-8FF3-4F98D3F43961}.Release|x86.Build.0 = Release|Any CPU
	EndGlobalSection
	GlobalSection(SolutionProperties) = preSolution
		HideSolutionNode = FALSE
	EndGlobalSection
	GlobalSection(NestedProjects) = preSolution
		{4547EC3B-9B52-4B49-A0AD-28A41D01D612} = {827E0CD3-B72D-47B6-A68D-7590B98EB39B}
		{779AB60B-D30B-4C55-AA94-931D83029D0F} = {827E0CD3-B72D-47B6-A68D-7590B98EB39B}
		{5A415A3C-81F8-4233-96FA-622649CB9CC7} = {827E0CD3-B72D-47B6-A68D-7590B98EB39B}
		{9D53CE25-4D80-4B9A-B405-4FD4FAC6D59C} = {827E0CD3-B72D-47B6-A68D-7590B98EB39B}
		{56D013EB-EF65-4069-81F2-DBC9DE8146E6} = {827E0CD3-B72D-47B6-A68D-7590B98EB39B}
		{D5E1FD32-FA34-4A9F-BB64-EF42C453C296} = {827E0CD3-B72D-47B6-A68D-7590B98EB39B}
		{E5BD7AFA-2692-44F4-AB5E-737F80008A38} = {827E0CD3-B72D-47B6-A68D-7590B98EB39B}
		{2C46A2A9-C0DF-4C40-BC7D-75172326CE8F} = {827E0CD3-B72D-47B6-A68D-7590B98EB39B}
		{D24A06A5-8113-416B-A3ED-387D68A5B507} = {827E0CD3-B72D-47B6-A68D-7590B98EB39B}
		{84DCCFE9-51AC-483A-96ED-72AFE1E006E9} = {827E0CD3-B72D-47B6-A68D-7590B98EB39B}
		{CEB1BB9D-3986-430B-9458-1B0768849829} = {827E0CD3-B72D-47B6-A68D-7590B98EB39B}
		{13E21114-FF3B-4D8B-999C-AC56F97418DC} = {827E0CD3-B72D-47B6-A68D-7590B98EB39B}
		{77AA3E8C-4EAF-45F0-BE05-EA1ACEE65F7A} = {827E0CD3-B72D-47B6-A68D-7590B98EB39B}
		{7645326F-878E-48C5-9AB4-80C0FB42715C} = {827E0CD3-B72D-47B6-A68D-7590B98EB39B}
		{26EAB7DC-3C45-4FD0-9975-984576053517} = {827E0CD3-B72D-47B6-A68D-7590B98EB39B}
		{BBDA9EBC-D1D2-4B8D-9817-AE07C1A77A85} = {827E0CD3-B72D-47B6-A68D-7590B98EB39B}
		{90AEC752-9E50-4844-8FB0-CC04EE98D62E} = {827E0CD3-B72D-47B6-A68D-7590B98EB39B}
		{B3800E5E-7630-4618-A027-E1D809D5D10F} = {827E0CD3-B72D-47B6-A68D-7590B98EB39B}
		{03D52DE3-4B02-4468-97D5-DC35C65164D3} = {0AB3BF05-4346-4AA6-1389-037BE0695223}
		{D8D1FCF4-46EC-475E-8545-2B5B0303B223} = {0AB3BF05-4346-4AA6-1389-037BE0695223}
		{CEBCB7A9-B85F-4600-8FF3-4F98D3F43961} = {0AB3BF05-4346-4AA6-1389-037BE0695223}
	EndGlobalSection
EndGlobal
